# This file is autogenerated, do not edit; changes may be undone by the next 'dep ensure'.


[[projects]]
  digest = "1:a63cff6b5d8b95638bfe300385d93b2a6d9d687734b863da8e09dc834510a690"
  name = "github.com/google/go-querystring"
  packages = ["query"]
  pruneopts = "UT"
  revision = "44c6ddd0a2342c386950e880b658017258da92fc"
  version = "v1.0.0"

[[projects]]
  branch = "master"
  digest = "1:2456818f4549b9600377ff31e4bf659d4800d65682fdae07f20039490388ee89"
  name = "github.com/src-d/go-github"
  packages = ["github"]
  pruneopts = "UT"
  revision = "c4b78649504239ce9f5b9f4e5f797283564a5456"

[solve-meta]
  analyzer-name = "dep"
  analyzer-version = 1
  input-imports = ["github.com/src-d/go-github/github"]
  solver-name = "gps-cdcl"
  solver-version = 1
